
Microsoft Visual Studio Solution File, Format Version 12.00
# Visual Studio Version 16
VisualStudioVersion = 16.0.33423.256
MinimumVisualStudioVersion = 10.0.40219.1
Project("{FAE04EC0-301F-11D3-BF4B-00C04F79EFBC}") = "WebApplication1", "WebApplication1\WebApplication1.csproj", "{22076F43-DBA6-40CD-802F-9F1CB68CFAA1}"
EndProject
Global
	GlobalSection(SolutionConfigurationPlatforms) = preSolution
		Debug|Any CPU = Debug|Any CPU
		Release|Any CPU = Release|Any CPU
	EndGlobalSection
	GlobalSection(ProjectConfigurationPlatforms) = postSolution
		{22076F43-DBA6-40CD-802F-9F1CB68CFAA1}.Debug|Any CPU.ActiveCfg = Debug|Any CPU
		{22076F43-DBA6-40CD-802F-9F1CB68CFAA1}.Debug|Any CPU.Build.0 = Debug|Any CPU
		{22076F43-DBA6-40CD-802F-9F1CB68CFAA1}.Release|Any CPU.ActiveCfg = Release|Any CPU
		{22076F43-DBA6-40CD-802F-9F1CB68CFAA1}.Release|Any CPU.Build.0 = Release|Any CPU
	EndGlobalSection
	GlobalSection(SolutionProperties) = preSolution
		HideSolutionNode = FALSE
	EndGlobalSection
	GlobalSection(ExtensibilityGlobals) = postSolution
		SolutionGuid = {571837F4-66A8-46C6-97E1-C6BDCEA63772}
	EndGlobalSection
EndGlobal
